// !$*UTF8*$!
{
	archiveVersion = 1;
	classes = {
	};
	objectVersion = 50;
	objects = {

/* Begin PBXBuildFile section */
		9BA4D41B22B1B165001749B6 /* main.swift in Sources */ = {isa = PBXBuildFile; fileRef = 9BA4D41A22B1B165001749B6 /* main.swift */; };
		9BA4D42222B1B25F001749B6 /* Person.swift in Sources */ = {isa = PBXBuildFile; fileRef = 9BA4D42122B1B25F001749B6 /* Person.swift */; };
		9BA4D42422B1B59F001749B6 /* student.swift in Sources */ = {isa = PBXBuildFile; fileRef = 9BA4D42322B1B59F001749B6 /* student.swift */; };
		9BBF717F22B307860009201C /* Address.swift in Sources */ = {isa = PBXBuildFile; fileRef = 9BBF717E22B307860009201C /* Address.swift */; };
		9BBF718222B307A30009201C /* Display.swift in Sources */ = {isa = PBXBuildFile; fileRef = 9BBF718122B307A30009201C /* Display.swift */; };
		9BBF718522B311300009201C /* Employees.swift in Sources */ = {isa = PBXBuildFile; fileRef = 9BBF718422B311300009201C /* Employees.swift */; };
		9BBF718722B31A230009201C /* File.swift in Sources */ = {isa = PBXBuildFile; fileRef = 9BBF718622B31A230009201C /* File.swift */; };
/* End PBXBuildFile section */

/* Begin PBXCopyFilesBuildPhase section */
		9BA4D41522B1B165001749B6 /* CopyFiles */ = {
			isa = PBXCopyFilesBuildPhase;
			buildActionMask = 2147483647;
			dstPath = /usr/share/man/man1/;
			dstSubfolderSpec = 0;
			files = (
			);
			runOnlyForDeploymentPostprocessing = 1;
		};
/* End PBXCopyFilesBuildPhase section */

/* Begin PBXFileReference section */
		9BA4D41722B1B165001749B6 /* Collegesystem */ = {isa = PBXFileReference; explicitFileType = "compiled.mach-o.executable"; includeInIndex = 0; path = Collegesystem; sourceTree = BUILT_PRODUCTS_DIR; };
		9BA4D41A22B1B165001749B6 /* main.swift */ = {isa = PBXFileReference; lastKnownFileType = sourcecode.swift; path = main.swift; sourceTree = "<group>"; };
		9BA4D42122B1B25F001749B6 /* Person.swift */ = {isa = PBXFileReference; lastKnownFileType = sourcecode.swift; path = Person.swift; sourceTree = "<group>"; };
		9BA4D42322B1B59F001749B6 /* student.swift */ = {isa = PBXFileReference; lastKnownFileType = sourcecode.swift; path = student.swift; sourceTree = "<group>"; };
		9BBF717E22B307860009201C /* Address.swift */ = {isa = PBXFileReference; lastKnownFileType = sourcecode.swift; path = Address.swift; sourceTree = "<group>"; };
		9BBF718122B307A30009201C /* Display.swift */ = {isa = PBXFileReference; lastKnownFileType = sourcecode.swift; path = Display.swift; sourceTree = "<group>"; };
		9BBF718422B311300009201C /* Employees.swift */ = {isa = PBXFileReference; lastKnownFileType = sourcecode.swift; path = Employees.swift; sourceTree = "<group>"; };
		9BBF718622B31A230009201C /* File.swift */ = {isa = PBXFileReference; lastKnownFileType = sourcecode.swift; path = File.swift; sourceTree = "<group>"; };
/* End PBXFileReference section */

/* Begin PBXFrameworksBuildPhase section */
		9BA4D41422B1B165001749B6 /* Frameworks */ = {
			isa = PBXFrameworksBuildPhase;
			buildActionMask = 2147483647;
			files = (
			);
			runOnlyForDeploymentPostprocessing = 0;
		};
/* End PBXFrameworksBuildPhase section */

/* Begin PBXGroup section */
		9BA4D40E22B1B165001749B6 = {
			isa = PBXGroup;
			children = (
				9BA4D41922B1B165001749B6 /* Collegesystem */,
				9BA4D41822B1B165001749B6 /* Products */,
			);
			sourceTree = "<group>";
		};
		9BA4D41822B1B165001749B6 /* Products */ = {
			isa = PBXGroup;
			children = (
				9BA4D41722B1B165001749B6 /* Collegesystem */,
			);
			name = Products;
			sourceTree = "<group>";
		};
		9BA4D41922B1B165001749B6 /* Collegesystem */ = {
			isa = PBXGroup;
			children = (
				9BBF718322B311190009201C /* Faculty */,
				9BBF718022B3078D0009201C /* protocols */,
				9BA4D41A22B1B165001749B6 /* main.swift */,
				9BA4D42122B1B25F001749B6 /* Person.swift */,
				9BA4D42322B1B59F001749B6 /* student.swift */,
				9BBF717E22B307860009201C /* Address.swift */,
			);
			path = Collegesystem;
			sourceTree = "<group>";
		};
		9BBF718022B3078D0009201C /* protocols */ = {
			isa = PBXGroup;
			children = (
				9BBF718122B307A30009201C /* Display.swift */,
			);
			path = protocols;
			sourceTree = "<group>";
		};
		9BBF718322B311190009201C /* Faculty */ = {
			isa = PBXGroup;
			children = (
				9BBF718422B311300009201C /* Employees.swift */,
				9BBF718622B31A230009201C /* File.swift */,
			);
			path = Faculty;
			sourceTree = "<group>";
		};
/* End PBXGroup section */

/* Begin PBXNativeTarget section */
		9BA4D41622B1B165001749B6 /* Collegesystem */ = {
			isa = PBXNativeTarget;
			buildConfigurationList = 9BA4D41E22B1B165001749B6 /* Build configuration list for PBXNativeTarget "Collegesystem" */;
			buildPhases = (
				9BA4D41322B1B165001749B6 /* Sources */,
				9BA4D41422B1B165001749B6 /* Frameworks */,
				9BA4D41522B1B165001749B6 /* CopyFiles */,
			);
			buildRules = (
			);
			dependencies = (
			);
			name = Collegesystem;
			productName = Collegesystem;
			productReference = 9BA4D41722B1B165001749B6 /* Collegesystem */;
			productType = "com.apple.product-type.tool";
		};
/* End PBXNativeTarget section */

/* Begin PBXProject section */
		9BA4D40F22B1B165001749B6 /* Project object */ = {
			isa = PBXProject;
			attributes = {
				LastSwiftUpdateCheck = 1020;
				LastUpgradeCheck = 1020;
				ORGANIZATIONNAME = MacStudent;
				TargetAttributes = {
					9BA4D41622B1B165001749B6 = {
						CreatedOnToolsVersion = 10.2.1;
					};
				};
			};
			buildConfigurationList = 9BA4D41222B1B165001749B6 /* Build configuration list for PBXProject "Collegesystem" */;
			compatibilityVersion = "Xcode 9.3";
			developmentRegion = en;
			hasScannedForEncodings = 0;
			knownRegions = (
				en,
			);
			mainGroup = 9BA4D40E22B1B165001749B6;
			productRefGroup = 9BA4D41822B1B165001749B6 /* Products */;
			projectDirPath = "";
			projectRoot = "";
			targets = (
				9BA4D41622B1B165001749B6 /* Collegesystem */,
			);
		};
/* End PBXProject section */

/* Begin PBXSourcesBuildPhase section */
		9BA4D41322B1B165001749B6 /* Sources */ = {
			isa = PBXSourcesBuildPhase;
			buildActionMask = 2147483647;
			files = (
				9BBF718222B307A30009201C /* Display.swift in Sources */,
				9BBF718522B311300009201C /* Employees.swift in Sources */,
				9BBF718722B31A230009201C /* File.swift in Sources */,
				9BA4D42222B1B25F001749B6 /* Person.swift in Sources */,
				9BA4D41B22B1B165001749B6 /* main.swift in Sources */,
				9BBF717F22B307860009201C /* Address.swift in Sources */,
				9BA4D42422B1B59F001749B6 /* student.swift in Sources */,
			);
			runOnlyForDeploymentPostprocessing = 0;
		};
/* End PBXSourcesBuildPhase section */

/* Begin XCBuildConfiguration section */
		9BA4D41C22B1B165001749B6 /* Debug */ = {
			isa = XCBuildConfiguration;
			buildSettings = {
				ALWAYS_SEARCH_USER_PATHS = NO;
				CLANG_ANALYZER_NONNULL = YES;
				CLANG_ANALYZER_NUMBER_OBJECT_CONVERSION = YES_AGGRESSIVE;
				CLANG_CXX_LANGUAGE_STANDARD = "gnu++14";
				CLANG_CXX_LIBRARY = "libc++";
				CLANG_ENABLE_MODULES = YES;
				CLANG_ENABLE_OBJC_ARC = YES;
				CLANG_ENABLE_OBJC_WEAK = YES;
				CLANG_WARN_BLOCK_CAPTURE_AUTORELEASING = YES;
				CLANG_WARN_BOOL_CONVERSION = YES;
				CLANG_WARN_COMMA = YES;
				CLANG_WARN_CONSTANT_CONVERSION = YES;
				CLANG_WARN_DEPRECATED_OBJC_IMPLEMENTATIONS = YES;
				CLANG_WARN_DIRECT_OBJC_ISA_USAGE = YES_ERROR;
				CLANG_WARN_DOCUMENTATION_COMMENTS = YES;
				CLANG_WARN_EMPTY_BODY = YES;
				CLANG_WARN_ENUM_CONVERSION = YES;
				CLANG_WARN_INFINITE_RECURSION = YES;
				CLANG_WARN_INT_CONVERSION = YES;
				CLANG_WARN_NON_LITERAL_NULL_CONVERSION = YES;
				CLANG_WARN_OBJC_IMPLICIT_RETAIN_SELF = YES;
				CLANG_WARN_OBJC_LITERAL_CONVERSION = YES;
				CLANG_WARN_OBJC_ROOT_CLASS = YES_ERROR;
				CLANG_WARN_RANGE_LOOP_ANALYSIS = YES;
				CLANG_WARN_STRICT_PROTOTYPES = YES;
				CLANG_WARN_SUSPICIOUS_MOVE = YES;
				CLANG_WARN_UNGUARDED_AVAILABILITY = YES_AGGRESSIVE;
				CLANG_WARN_UNREACHABLE_CODE = YES;
				CLANG_WARN__DUPLICATE_METHOD_MATCH = YES;
				CODE_SIGN_IDENTITY = "-";
				COPY_PHASE_STRIP = NO;
				DEBUG_INFORMATION_FORMAT = dwarf;
				ENABLE_STRICT_OBJC_MSGSEND = YES;
				ENABLE_TESTABILITY = YES;
				GCC_C_LANGUAGE_STANDARD = gnu11;
				GCC_DYNAMIC_NO_PIC = NO;
				GCC_NO_COMMON_BLOCKS = YES;
				GCC_OPTIMIZATION_LEVEL = 0;
				GCC_PREPROCESSOR_DEFINITIONS = (
					"DEBUG=1",
					"$(inherited)",
				);
				GCC_WARN_64_TO_32_BIT_CONVERSION = YES;
				GCC_WARN_ABOUT_RETURN_TYPE = YES_ERROR;
				GCC_WARN_UNDECLARED_SELECTOR = YES;
				GCC_WARN_UNINITIALIZED_AUTOS = YES_AGGRESSIVE;
				GCC_WARN_UNUSED_FUNCTION = YES;
				GCC_WARN_UNUSED_VARIABLE = YES;
				MACOSX_DEPLOYMENT_TARGET = 10.14;
				MTL_ENABLE_DEBUG_INFO = INCLUDE_SOURCE;
				MTL_FAST_MATH = YES;
				ONLY_ACTIVE_ARCH = YES;
				SDKROOT = macosx;
				SWIFT_ACTIVE_COMPILATION_CONDITIONS = DEBUG;
				SWIFT_OPTIMIZATION_LEVEL = "-Onone";
			};
			name = Debug;
		};
		9BA4D41D22B1B165001749B6 /* Release */ = {
			isa = XCBuildConfiguration;
			buildSettings = {
				ALWAYS_SEARCH_USER_PATHS = NO;
				CLANG_ANALYZER_NONNULL = YES;
				CLANG_ANALYZER_NUMBER_OBJECT_CONVERSION = YES_AGGRESSIVE;
				CLANG_CXX_LANGUAGE_STANDARD = "gnu++14";
				CLANG_CXX_LIBRARY = "libc++";
				CLANG_ENABLE_MODULES = YES;
				CLANG_ENABLE_OBJC_ARC = YES;
				CLANG_ENABLE_OBJC_WEAK = YES;
				CLANG_WARN_BLOCK_CAPTURE_AUTORELEASING = YES;
				CLANG_WARN_BOOL_CONVERSION = YES;
				CLANG_WARN_COMMA = YES;
				CLANG_WARN_CONSTANT_CONVERSION = YES;
				CLANG_WARN_DEPRECATED_OBJC_IMPLEMENTATIONS = YES;
				CLANG_WARN_DIRECT_OBJC_ISA_USAGE = YES_ERROR;
				CLANG_WARN_DOCUMENTATION_COMMENTS = YES;
				CLANG_WARN_EMPTY_BODY = YES;
				CLANG_WARN_ENUM_CONVERSION = YES;
				CLANG_WARN_INFINITE_RECURSION = YES;
				CLANG_WARN_INT_CONVERSION = YES;
				CLANG_WARN_NON_LITERAL_NULL_CONVERSION = YES;
				CLANG_WARN_OBJC_IMPLICIT_RETAIN_SELF = YES;
				CLANG_WARN_OBJC_LITERAL_CONVERSION = YES;
				CLANG_WARN_OBJC_ROOT_CLASS = YES_ERROR;
				CLANG_WARN_RANGE_LOOP_ANALYSIS = YES;
				CLANG_WARN_STRICT_PROTOTYPES = YES;
				CLANG_WARN_SUSPICIOUS_MOVE = YES;
				CLANG_WARN_UNGUARDED_AVAILABILITY = YES_AGGRESSIVE;
				CLANG_WARN_UNREACHABLE_CODE = YES;
				CLANG_WARN__DUPLICATE_METHOD_MATCH = YES;
				CODE_SIGN_IDENTITY = "-";
				COPY_PHASE_STRIP = NO;
				DEBUG_INFORMATION_FORMAT = "dwarf-with-dsym";
				ENABLE_NS_ASSERTIONS = NO;
				ENABLE_STRICT_OBJC_MSGSEND = YES;
				GCC_C_LANGUAGE_STANDARD = gnu11;
				GCC_NO_COMMON_BLOCKS = YES;
				GCC_WARN_64_TO_32_BIT_CONVERSION = YES;
				GCC_WARN_ABOUT_RETURN_TYPE = YES_ERROR;
				GCC_WARN_UNDECLARED_SELECTOR = YES;
				GCC_WARN_UNINITIALIZED_AUTOS = YES_AGGRESSIVE;
				GCC_WARN_UNUSED_FUNCTION = YES;
				GCC_WARN_UNUSED_VARIABLE = YES;
				MACOSX_DEPLOYMENT_TARGET = 10.14;
				MTL_ENABLE_DEBUG_INFO = NO;
				MTL_FAST_MATH = YES;
				SDKROOT = macosx;
				SWIFT_COMPILATION_MODE = wholemodule;
				SWIFT_OPTIMIZATION_LEVEL = "-O";
			};
			name = Release;
		};
		9BA4D41F22B1B165001749B6 /* Debug */ = {
			isa = XCBuildConfiguration;
			buildSettings = {
				CODE_SIGN_STYLE = Automatic;
				PRODUCT_NAME = "$(TARGET_NAME)";
				SWIFT_VERSION = 5.0;
			};
			name = Debug;
		};
		9BA4D42022B1B165001749B6 /* Release */ = {
			isa = XCBuildConfiguration;
			buildSettings = {
				CODE_SIGN_STYLE = Automatic;
				PRODUCT_NAME = "$(TARGET_NAME)";
				SWIFT_VERSION = 5.0;
			};
			name = Release;
		};
/* End XCBuildConfiguration section */

/* Begin XCConfigurationList section */
		9BA4D41222B1B165001749B6 /* Build configuration list for PBXProject "Collegesystem" */ = {
			isa = XCConfigurationList;
			buildConfigurations = (
				9BA4D41C22B1B165001749B6 /* Debug */,
				9BA4D41D22B1B165001749B6 /* Release */,
			);
			defaultConfigurationIsVisible = 0;
			defaultConfigurationName = Release;
		};
		9BA4D41E22B1B165001749B6 /* Build configuration list for PBXNativeTarget "Collegesystem" */ = {
			isa = XCConfigurationList;
			buildConfigurations = (
				9BA4D41F22B1B165001749B6 /* Debug */,
				9BA4D42022B1B165001749B6 /* Release */,
			);
			defaultConfigurationIsVisible = 0;
			defaultConfigurationName = Release;
		};
/* End XCConfigurationList section */
	};
	rootObject = 9BA4D40F22B1B165001749B6 /* Project object */;
}
